// !$*UTF8*$!
{
	archiveVersion = 1;
	classes = {
	};
	objectVersion = 55;
	objects = {

/* Begin PBXBuildFile section */
		279DA958270785DA00CA71BA /* PacManScoreCheckerApp.swift in Sources */ = {isa = PBXBuildFile; fileRef = 279DA94A270785D400CA71BA /* PacManScoreCheckerApp.swift */; };
		279DA959270785DA00CA71BA /* PacManScoreCheckerApp.swift in Sources */ = {isa = PBXBuildFile; fileRef = 279DA94A270785D400CA71BA /* PacManScoreCheckerApp.swift */; };
		279DA95A270785DA00CA71BA /* ContentView.swift in Sources */ = {isa = PBXBuildFile; fileRef = 279DA94B270785D400CA71BA /* ContentView.swift */; };
		279DA95B270785DA00CA71BA /* ContentView.swift in Sources */ = {isa = PBXBuildFile; fileRef = 279DA94B270785D400CA71BA /* ContentView.swift */; };
		279DA95C270785DA00CA71BA /* Assets.xcassets in Resources */ = {isa = PBXBuildFile; fileRef = 279DA94C270785DA00CA71BA /* Assets.xcassets */; };
		279DA95D270785DA00CA71BA /* Assets.xcassets in Resources */ = {isa = PBXBuildFile; fileRef = 279DA94C270785DA00CA71BA /* Assets.xcassets */; };
		279DA96D270787A200CA71BA /* WidgetKit.framework in Frameworks */ = {isa = PBXBuildFile; fileRef = 279DA96C270787A200CA71BA /* WidgetKit.framework */; platformFilter = maccatalyst; };
		279DA96F270787A200CA71BA /* SwiftUI.framework in Frameworks */ = {isa = PBXBuildFile; fileRef = 279DA96E270787A200CA71BA /* SwiftUI.framework */; platformFilter = maccatalyst; };
		279DA972270787A200CA71BA /* MacWidget.swift in Sources */ = {isa = PBXBuildFile; fileRef = 279DA971270787A200CA71BA /* MacWidget.swift */; };
		279DA974270787A900CA71BA /* Assets.xcassets in Resources */ = {isa = PBXBuildFile; fileRef = 279DA973270787A900CA71BA /* Assets.xcassets */; };
		279DA978270787A900CA71BA /* MacWidgetExtension.appex in Embed App Extensions */ = {isa = PBXBuildFile; fileRef = 279DA96A270787A200CA71BA /* MacWidgetExtension.appex */; settings = {ATTRIBUTES = (RemoveHeadersOnCopy, ); }; };
/* End PBXBuildFile section */

/* Begin PBXContainerItemProxy section */
		279DA976270787A900CA71BA /* PBXContainerItemProxy */ = {
			isa = PBXContainerItemProxy;
			containerPortal = 279DA945270785D300CA71BA /* Project object */;
			proxyType = 1;
			remoteGlobalIDString = 279DA969270787A200CA71BA;
			remoteInfo = MacWidgetExtension;
		};
/* End PBXContainerItemProxy section */

/* Begin PBXCopyFilesBuildPhase section */
		279DA97C270787A900CA71BA /* Embed App Extensions */ = {
			isa = PBXCopyFilesBuildPhase;
			buildActionMask = 2147483647;
			dstPath = "";
			dstSubfolderSpec = 13;
			files = (
				279DA978270787A900CA71BA /* MacWidgetExtension.appex in Embed App Extensions */,
			);
			name = "Embed App Extensions";
			runOnlyForDeploymentPostprocessing = 0;
		};
/* End PBXCopyFilesBuildPhase section */

/* Begin PBXFileReference section */
		279DA94A270785D400CA71BA /* PacManScoreCheckerApp.swift */ = {isa = PBXFileReference; lastKnownFileType = sourcecode.swift; path = PacManScoreCheckerApp.swift; sourceTree = "<group>"; };
		279DA94B270785D400CA71BA /* ContentView.swift */ = {isa = PBXFileReference; lastKnownFileType = sourcecode.swift; path = ContentView.swift; sourceTree = "<group>"; };
		279DA94C270785DA00CA71BA /* Assets.xcassets */ = {isa = PBXFileReference; lastKnownFileType = folder.assetcatalog; path = Assets.xcassets; sourceTree = "<group>"; };
		279DA951270785DA00CA71BA /* PacManScoreChecker.app */ = {isa = PBXFileReference; explicitFileType = wrapper.application; includeInIndex = 0; path = PacManScoreChecker.app; sourceTree = BUILT_PRODUCTS_DIR; };
		279DA957270785DA00CA71BA /* PacManScoreChecker.app */ = {isa = PBXFileReference; explicitFileType = wrapper.application; includeInIndex = 0; path = PacManScoreChecker.app; sourceTree = BUILT_PRODUCTS_DIR; };
		279DA96A270787A200CA71BA /* MacWidgetExtension.appex */ = {isa = PBXFileReference; explicitFileType = "wrapper.app-extension"; includeInIndex = 0; path = MacWidgetExtension.appex; sourceTree = BUILT_PRODUCTS_DIR; };
		279DA96C270787A200CA71BA /* WidgetKit.framework */ = {isa = PBXFileReference; lastKnownFileType = wrapper.framework; name = WidgetKit.framework; path = System/Library/Frameworks/WidgetKit.framework; sourceTree = SDKROOT; };
		279DA96E270787A200CA71BA /* SwiftUI.framework */ = {isa = PBXFileReference; lastKnownFileType = wrapper.framework; name = SwiftUI.framework; path = System/Library/Frameworks/SwiftUI.framework; sourceTree = SDKROOT; };
		279DA971270787A200CA71BA /* MacWidget.swift */ = {isa = PBXFileReference; lastKnownFileType = sourcecode.swift; path = MacWidget.swift; sourceTree = "<group>"; };
		279DA973270787A900CA71BA /* Assets.xcassets */ = {isa = PBXFileReference; lastKnownFileType = folder.assetcatalog; path = Assets.xcassets; sourceTree = "<group>"; };
		279DA975270787A900CA71BA /* Info.plist */ = {isa = PBXFileReference; lastKnownFileType = text.plist.xml; path = Info.plist; sourceTree = "<group>"; };
/* End PBXFileReference section */

/* Begin PBXFrameworksBuildPhase section */
		279DA94E270785DA00CA71BA /* Frameworks */ = {
			isa = PBXFrameworksBuildPhase;
			buildActionMask = 2147483647;
			files = (
			);
			runOnlyForDeploymentPostprocessing = 0;
		};
		279DA954270785DA00CA71BA /* Frameworks */ = {
			isa = PBXFrameworksBuildPhase;
			buildActionMask = 2147483647;
			files = (
			);
			runOnlyForDeploymentPostprocessing = 0;
		};
		279DA967270787A200CA71BA /* Frameworks */ = {
			isa = PBXFrameworksBuildPhase;
			buildActionMask = 2147483647;
			files = (
				279DA96F270787A200CA71BA /* SwiftUI.framework in Frameworks */,
				279DA96D270787A200CA71BA /* WidgetKit.framework in Frameworks */,
			);
			runOnlyForDeploymentPostprocessing = 0;
		};
/* End PBXFrameworksBuildPhase section */

/* Begin PBXGroup section */
		279DA944270785D300CA71BA = {
			isa = PBXGroup;
			children = (
				279DA949270785D400CA71BA /* Shared */,
				279DA970270787A200CA71BA /* MacWidget */,
				279DA96B270787A200CA71BA /* Frameworks */,
				279DA952270785DA00CA71BA /* Products */,
			);
			sourceTree = "<group>";
		};
		279DA949270785D400CA71BA /* Shared */ = {
			isa = PBXGroup;
			children = (
				279DA94A270785D400CA71BA /* PacManScoreCheckerApp.swift */,
				279DA94B270785D400CA71BA /* ContentView.swift */,
				279DA94C270785DA00CA71BA /* Assets.xcassets */,
			);
			path = Shared;
			sourceTree = "<group>";
		};
		279DA952270785DA00CA71BA /* Products */ = {
			isa = PBXGroup;
			children = (
				279DA951270785DA00CA71BA /* PacManScoreChecker.app */,
				279DA957270785DA00CA71BA /* PacManScoreChecker.app */,
				279DA96A270787A200CA71BA /* MacWidgetExtension.appex */,
			);
			name = Products;
			sourceTree = "<group>";
		};
		279DA96B270787A200CA71BA /* Frameworks */ = {
			isa = PBXGroup;
			children = (
				279DA96C270787A200CA71BA /* WidgetKit.framework */,
				279DA96E270787A200CA71BA /* SwiftUI.framework */,
			);
			name = Frameworks;
			sourceTree = "<group>";
		};
		279DA970270787A200CA71BA /* MacWidget */ = {
			isa = PBXGroup;
			children = (
				279DA971270787A200CA71BA /* MacWidget.swift */,
				279DA973270787A900CA71BA /* Assets.xcassets */,
				279DA975270787A900CA71BA /* Info.plist */,
			);
			path = MacWidget;
			sourceTree = "<group>";
		};
/* End PBXGroup section */

/* Begin PBXNativeTarget section */
		279DA950270785DA00CA71BA /* PacManScoreChecker (iOS) */ = {
			isa = PBXNativeTarget;
			buildConfigurationList = 279DA960270785DA00CA71BA /* Build configuration list for PBXNativeTarget "PacManScoreChecker (iOS)" */;
			buildPhases = (
				279DA94D270785DA00CA71BA /* Sources */,
				279DA94E270785DA00CA71BA /* Frameworks */,
				279DA94F270785DA00CA71BA /* Resources */,
			);
			buildRules = (
			);
			dependencies = (
			);
			name = "PacManScoreChecker (iOS)";
			productName = "PacManScoreChecker (iOS)";
			productReference = 279DA951270785DA00CA71BA /* PacManScoreChecker.app */;
			productType = "com.apple.product-type.application";
		};
		279DA956270785DA00CA71BA /* PacManScoreChecker (macOS) */ = {
			isa = PBXNativeTarget;
			buildConfigurationList = 279DA963270785DA00CA71BA /* Build configuration list for PBXNativeTarget "PacManScoreChecker (macOS)" */;
			buildPhases = (
				279DA953270785DA00CA71BA /* Sources */,
				279DA954270785DA00CA71BA /* Frameworks */,
				279DA955270785DA00CA71BA /* Resources */,
				279DA97C270787A900CA71BA /* Embed App Extensions */,
			);
			buildRules = (
			);
			dependencies = (
				279DA977270787A900CA71BA /* PBXTargetDependency */,
			);
			name = "PacManScoreChecker (macOS)";
			productName = "PacManScoreChecker (macOS)";
			productReference = 279DA957270785DA00CA71BA /* PacManScoreChecker.app */;
			productType = "com.apple.product-type.application";
		};
		279DA969270787A200CA71BA /* MacWidgetExtension */ = {
			isa = PBXNativeTarget;
			buildConfigurationList = 279DA979270787A900CA71BA /* Build configuration list for PBXNativeTarget "MacWidgetExtension" */;
			buildPhases = (
				279DA966270787A200CA71BA /* Sources */,
				279DA967270787A200CA71BA /* Frameworks */,
				279DA968270787A200CA71BA /* Resources */,
			);
			buildRules = (
			);
			dependencies = (
			);
			name = MacWidgetExtension;
			productName = MacWidgetExtension;
			productReference = 279DA96A270787A200CA71BA /* MacWidgetExtension.appex */;
			productType = "com.apple.product-type.app-extension";
		};
/* End PBXNativeTarget section */

/* Begin PBXProject section */
		279DA945270785D300CA71BA /* Project object */ = {
			isa = PBXProject;
			attributes = {
				BuildIndependentTargetsInParallel = 1;
				LastSwiftUpdateCheck = 1300;
				LastUpgradeCheck = 1300;
				TargetAttributes = {
					279DA950270785DA00CA71BA = {
						CreatedOnToolsVersion = 13.0;
					};
					279DA956270785DA00CA71BA = {
						CreatedOnToolsVersion = 13.0;
					};
					279DA969270787A200CA71BA = {
						CreatedOnToolsVersion = 13.0;
					};
				};
			};
			buildConfigurationList = 279DA948270785D300CA71BA /* Build configuration list for PBXProject "PacManScoreChecker" */;
			compatibilityVersion = "Xcode 13.0";
			developmentRegion = en;
			hasScannedForEncodings = 0;
			knownRegions = (
				en,
				Base,
			);
			mainGroup = 279DA944270785D300CA71BA;
			productRefGroup = 279DA952270785DA00CA71BA /* Products */;
			projectDirPath = "";
			projectRoot = "";
			targets = (
				279DA950270785DA00CA71BA /* PacManScoreChecker (iOS) */,
				279DA956270785DA00CA71BA /* PacManScoreChecker (macOS) */,
				279DA969270787A200CA71BA /* MacWidgetExtension */,
			);
		};
/* End PBXProject section */

/* Begin PBXResourcesBuildPhase section */
		279DA94F270785DA00CA71BA /* Resources */ = {
			isa = PBXResourcesBuildPhase;
			buildActionMask = 2147483647;
			files = (
				279DA95C270785DA00CA71BA /* Assets.xcassets in Resources */,
			);
			runOnlyForDeploymentPostprocessing = 0;
		};
		279DA955270785DA00CA71BA /* Resources */ = {
			isa = PBXResourcesBuildPhase;
			buildActionMask = 2147483647;
			files = (
				279DA95D270785DA00CA71BA /* Assets.xcassets in Resources */,
			);
			runOnlyForDeploymentPostprocessing = 0;
		};
		279DA968270787A200CA71BA /* Resources */ = {
			isa = PBXResourcesBuildPhase;
			buildActionMask = 2147483647;
			files = (
				279DA974270787A900CA71BA /* Assets.xcassets in Resources */,
			);
			runOnlyForDeploymentPostprocessing = 0;
		};
/* End PBXResourcesBuildPhase section */

/* Begin PBXSourcesBuildPhase section */
		279DA94D270785DA00CA71BA /* Sources */ = {
			isa = PBXSourcesBuildPhase;
			buildActionMask = 2147483647;
			files = (
				279DA95A270785DA00CA71BA /* ContentView.swift in Sources */,
				279DA958270785DA00CA71BA /* PacManScoreCheckerApp.swift in Sources */,
			);
			runOnlyForDeploymentPostprocessing = 0;
		};
		279DA953270785DA00CA71BA /* Sources */ = {
			isa = PBXSourcesBuildPhase;
			buildActionMask = 2147483647;
			files = (
				279DA95B270785DA00CA71BA /* ContentView.swift in Sources */,
				279DA959270785DA00CA71BA /* PacManScoreCheckerApp.swift in Sources */,
			);
			runOnlyForDeploymentPostprocessing = 0;
		};
		279DA966270787A200CA71BA /* Sources */ = {
			isa = PBXSourcesBuildPhase;
			buildActionMask = 2147483647;
			files = (
				279DA972270787A200CA71BA /* MacWidget.swift in Sources */,
			);
			runOnlyForDeploymentPostprocessing = 0;
		};
/* End PBXSourcesBuildPhase section */

/* Begin PBXTargetDependency section */
		279DA977270787A900CA71BA /* PBXTargetDependency */ = {
			isa = PBXTargetDependency;
			target = 279DA969270787A200CA71BA /* MacWidgetExtension */;
			targetProxy = 279DA976270787A900CA71BA /* PBXContainerItemProxy */;
		};
/* End PBXTargetDependency section */

/* Begin XCBuildConfiguration section */
		279DA95E270785DA00CA71BA /* Debug */ = {
			isa = XCBuildConfiguration;
			buildSettings = {
				ALWAYS_SEARCH_USER_PATHS = NO;
				CLANG_ANALYZER_NONNULL = YES;
				CLANG_ANALYZER_NUMBER_OBJECT_CONVERSION = YES_AGGRESSIVE;
				CLANG_CXX_LANGUAGE_STANDARD = "gnu++14";
				CLANG_CXX_LIBRARY = "libc++";
				CLANG_ENABLE_MODULES = YES;
				CLANG_ENABLE_OBJC_ARC = YES;
				CLANG_ENABLE_OBJC_WEAK = YES;
				CLANG_WARN_BLOCK_CAPTURE_AUTORELEASING = YES;
				CLANG_WARN_BOOL_CONVERSION = YES;
				CLANG_WARN_COMMA = YES;
				CLANG_WARN_CONSTANT_CONVERSION = YES;
				CLANG_WARN_DEPRECATED_OBJC_IMPLEMENTATIONS = YES;
				CLANG_WARN_DIRECT_OBJC_ISA_USAGE = YES_ERROR;
				CLANG_WARN_DOCUMENTATION_COMMENTS = YES;
				CLANG_WARN_EMPTY_BODY = YES;
				CLANG_WARN_ENUM_CONVERSION = YES;
				CLANG_WARN_INFINITE_RECURSION = YES;
				CLANG_WARN_INT_CONVERSION = YES;
				CLANG_WARN_NON_LITERAL_NULL_CONVERSION = YES;
				CLANG_WARN_OBJC_IMPLICIT_RETAIN_SELF = YES;
				CLANG_WARN_OBJC_LITERAL_CONVERSION = YES;
				CLANG_WARN_OBJC_ROOT_CLASS = YES_ERROR;
				CLANG_WARN_QUOTED_INCLUDE_IN_FRAMEWORK_HEADER = YES;
				CLANG_WARN_RANGE_LOOP_ANALYSIS = YES;
				CLANG_WARN_STRICT_PROTOTYPES = YES;
				CLANG_WARN_SUSPICIOUS_MOVE = YES;
				CLANG_WARN_UNGUARDED_AVAILABILITY = YES_AGGRESSIVE;
				CLANG_WARN_UNREACHABLE_CODE = YES;
				CLANG_WARN__DUPLICATE_METHOD_MATCH = YES;
				COPY_PHASE_STRIP = NO;
				DEBUG_INFORMATION_FORMAT = dwarf;
				ENABLE_STRICT_OBJC_MSGSEND = YES;
				ENABLE_TESTABILITY = YES;
				GCC_C_LANGUAGE_STANDARD = gnu11;
				GCC_DYNAMIC_NO_PIC = NO;
				GCC_NO_COMMON_BLOCKS = YES;
				GCC_OPTIMIZATION_LEVEL = 0;
				GCC_PREPROCESSOR_DEFINITIONS = (
					"DEBUG=1",
					"$(inherited)",
				);
				GCC_WARN_64_TO_32_BIT_CONVERSION = YES;
				GCC_WARN_ABOUT_RETURN_TYPE = YES_ERROR;
				GCC_WARN_UNDECLARED_SELECTOR = YES;
				GCC_WARN_UNINITIALIZED_AUTOS = YES_AGGRESSIVE;
				GCC_WARN_UNUSED_FUNCTION = YES;
				GCC_WARN_UNUSED_VARIABLE = YES;
				MTL_ENABLE_DEBUG_INFO = INCLUDE_SOURCE;
				MTL_FAST_MATH = YES;
				ONLY_ACTIVE_ARCH = YES;
				SWIFT_ACTIVE_COMPILATION_CONDITIONS = DEBUG;
				SWIFT_OPTIMIZATION_LEVEL = "-Onone";
			};
			name = Debug;
		};
		279DA95F270785DA00CA71BA /* Release */ = {
			isa = XCBuildConfiguration;
			buildSettings = {
				ALWAYS_SEARCH_USER_PATHS = NO;
				CLANG_ANALYZER_NONNULL = YES;
				CLANG_ANALYZER_NUMBER_OBJECT_CONVERSION = YES_AGGRESSIVE;
				CLANG_CXX_LANGUAGE_STANDARD = "gnu++14";
				CLANG_CXX_LIBRARY = "libc++";
				CLANG_ENABLE_MODULES = YES;
				CLANG_ENABLE_OBJC_ARC = YES;
				CLANG_ENABLE_OBJC_WEAK = YES;
				CLANG_WARN_BLOCK_CAPTURE_AUTORELEASING = YES;
				CLANG_WARN_BOOL_CONVERSION = YES;
				CLANG_WARN_COMMA = YES;
				CLANG_WARN_CONSTANT_CONVERSION = YES;
				CLANG_WARN_DEPRECATED_OBJC_IMPLEMENTATIONS = YES;
				CLANG_WARN_DIRECT_OBJC_ISA_USAGE = YES_ERROR;
				CLANG_WARN_DOCUMENTATION_COMMENTS = YES;
				CLANG_WARN_EMPTY_BODY = YES;
				CLANG_WARN_ENUM_CONVERSION = YES;
				CLANG_WARN_INFINITE_RECURSION = YES;
				CLANG_WARN_INT_CONVERSION = YES;
				CLANG_WARN_NON_LITERAL_NULL_CONVERSION = YES;
				CLANG_WARN_OBJC_IMPLICIT_RETAIN_SELF = YES;
				CLANG_WARN_OBJC_LITERAL_CONVERSION = YES;
				CLANG_WARN_OBJC_ROOT_CLASS = YES_ERROR;
				CLANG_WARN_QUOTED_INCLUDE_IN_FRAMEWORK_HEADER = YES;
				CLANG_WARN_RANGE_LOOP_ANALYSIS = YES;
				CLANG_WARN_STRICT_PROTOTYPES = YES;
				CLANG_WARN_SUSPICIOUS_MOVE = YES;
				CLANG_WARN_UNGUARDED_AVAILABILITY = YES_AGGRESSIVE;
				CLANG_WARN_UNREACHABLE_CODE = YES;
				CLANG_WARN__DUPLICATE_METHOD_MATCH = YES;
				COPY_PHASE_STRIP = NO;
				DEBUG_INFORMATION_FORMAT = "dwarf-with-dsym";
				ENABLE_NS_ASSERTIONS = NO;
				ENABLE_STRICT_OBJC_MSGSEND = YES;
				GCC_C_LANGUAGE_STANDARD = gnu11;
				GCC_NO_COMMON_BLOCKS = YES;
				GCC_WARN_64_TO_32_BIT_CONVERSION = YES;
				GCC_WARN_ABOUT_RETURN_TYPE = YES_ERROR;
				GCC_WARN_UNDECLARED_SELECTOR = YES;
				GCC_WARN_UNINITIALIZED_AUTOS = YES_AGGRESSIVE;
				GCC_WARN_UNUSED_FUNCTION = YES;
				GCC_WARN_UNUSED_VARIABLE = YES;
				MTL_ENABLE_DEBUG_INFO = NO;
				MTL_FAST_MATH = YES;
				SWIFT_COMPILATION_MODE = wholemodule;
				SWIFT_OPTIMIZATION_LEVEL = "-O";
			};
			name = Release;
		};
		279DA961270785DA00CA71BA /* Debug */ = {
			isa = XCBuildConfiguration;
			buildSettings = {
				ASSETCATALOG_COMPILER_APPICON_NAME = AppIcon;
				ASSETCATALOG_COMPILER_GLOBAL_ACCENT_COLOR_NAME = AccentColor;
				CODE_SIGN_STYLE = Automatic;
				CURRENT_PROJECT_VERSION = 1;
				DEVELOPMENT_TEAM = SK4DRGML28;
				ENABLE_PREVIEWS = YES;
				GENERATE_INFOPLIST_FILE = YES;
				INFOPLIST_KEY_UIApplicationSceneManifest_Generation = YES;
				INFOPLIST_KEY_UIApplicationSupportsIndirectInputEvents = YES;
				INFOPLIST_KEY_UILaunchScreen_Generation = YES;
				INFOPLIST_KEY_UISupportedInterfaceOrientations_iPad = "UIInterfaceOrientationPortrait UIInterfaceOrientationPortraitUpsideDown UIInterfaceOrientationLandscapeLeft UIInterfaceOrientationLandscapeRight";
				INFOPLIST_KEY_UISupportedInterfaceOrientations_iPhone = "UIInterfaceOrientationPortrait UIInterfaceOrientationLandscapeLeft UIInterfaceOrientationLandscapeRight";
				IPHONEOS_DEPLOYMENT_TARGET = 14.0;
				LD_RUNPATH_SEARCH_PATHS = (
					"$(inherited)",
					"@executable_path/Frameworks",
				);
				MARKETING_VERSION = 1.0;
				PRODUCT_BUNDLE_IDENTIFIER = "Asuka-Software.PacManScoreChecker";
				PRODUCT_NAME = PacManScoreChecker;
				SDKROOT = iphoneos;
				SWIFT_EMIT_LOC_STRINGS = YES;
				SWIFT_VERSION = 5.0;
				TARGETED_DEVICE_FAMILY = "1,2";
			};
			name = Debug;
		};
		279DA962270785DA00CA71BA /* Release */ = {
			isa = XCBuildConfiguration;
			buildSettings = {
				ASSETCATALOG_COMPILER_APPICON_NAME = AppIcon;
				ASSETCATALOG_COMPILER_GLOBAL_ACCENT_COLOR_NAME = AccentColor;
				CODE_SIGN_STYLE = Automatic;
				CURRENT_PROJECT_VERSION = 1;
				DEVELOPMENT_TEAM = SK4DRGML28;
				ENABLE_PREVIEWS = YES;
				GENERATE_INFOPLIST_FILE = YES;
				INFOPLIST_KEY_UIApplicationSceneManifest_Generation = YES;
				INFOPLIST_KEY_UIApplicationSupportsIndirectInputEvents = YES;
				INFOPLIST_KEY_UILaunchScreen_Generation = YES;
				INFOPLIST_KEY_UISupportedInterfaceOrientations_iPad = "UIInterfaceOrientationPortrait UIInterfaceOrientationPortraitUpsideDown UIInterfaceOrientationLandscapeLeft UIInterfaceOrientationLandscapeRight";
				INFOPLIST_KEY_UISupportedInterfaceOrientations_iPhone = "UIInterfaceOrientationPortrait UIInterfaceOrientationLandscapeLeft UIInterfaceOrientationLandscapeRight";
				IPHONEOS_DEPLOYMENT_TARGET = 14.0;
				LD_RUNPATH_SEARCH_PATHS = (
					"$(inherited)",
					"@executable_path/Frameworks",
				);
				MARKETING_VERSION = 1.0;
				PRODUCT_BUNDLE_IDENTIFIER = "Asuka-Software.PacManScoreChecker";
				PRODUCT_NAME = PacManScoreChecker;
				SDKROOT = iphoneos;
				SWIFT_EMIT_LOC_STRINGS = YES;
				SWIFT_VERSION = 5.0;
				TARGETED_DEVICE_FAMILY = "1,2";
				VALIDATE_PRODUCT = YES;
			};
			name = Release;
		};
		279DA964270785DA00CA71BA /* Debug */ = {
			isa = XCBuildConfiguration;
			buildSettings = {
				ALWAYS_EMBED_SWIFT_STANDARD_LIBRARIES = YES;
				ASSETCATALOG_COMPILER_APPICON_NAME = AppIcon;
				ASSETCATALOG_COMPILER_GLOBAL_ACCENT_COLOR_NAME = AccentColor;
				CODE_SIGN_STYLE = Automatic;
				COMBINE_HIDPI_IMAGES = YES;
				CURRENT_PROJECT_VERSION = 1;
				DEVELOPMENT_TEAM = SK4DRGML28;
				ENABLE_APP_SANDBOX = YES;
				ENABLE_HARDENED_RUNTIME = YES;
				ENABLE_PREVIEWS = YES;
				ENABLE_USER_SELECTED_FILES = readonly;
				GENERATE_INFOPLIST_FILE = YES;
				INFOPLIST_KEY_NSHumanReadableCopyright = "";
				LD_RUNPATH_SEARCH_PATHS = (
					"$(inherited)",
					"@executable_path/../Frameworks",
				);
				MACOSX_DEPLOYMENT_TARGET = 11.0;
				MARKETING_VERSION = 1.0;
				PRODUCT_BUNDLE_IDENTIFIER = "Asuka-Software.PacManScoreChecker";
				PRODUCT_NAME = PacManScoreChecker;
				SDKROOT = macosx;
				SWIFT_EMIT_LOC_STRINGS = YES;
				SWIFT_VERSION = 5.0;
			};
			name = Debug;
		};
		279DA965270785DA00CA71BA /* Release */ = {
			isa = XCBuildConfiguration;
			buildSettings = {
				ALWAYS_EMBED_SWIFT_STANDARD_LIBRARIES = YES;
				ASSETCATALOG_COMPILER_APPICON_NAME = AppIcon;
				ASSETCATALOG_COMPILER_GLOBAL_ACCENT_COLOR_NAME = AccentColor;
				CODE_SIGN_STYLE = Automatic;
				COMBINE_HIDPI_IMAGES = YES;
				CURRENT_PROJECT_VERSION = 1;
				DEVELOPMENT_TEAM = SK4DRGML28;
				ENABLE_APP_SANDBOX = YES;
				ENABLE_HARDENED_RUNTIME = YES;
				ENABLE_PREVIEWS = YES;
				ENABLE_USER_SELECTED_FILES = readonly;
				GENERATE_INFOPLIST_FILE = YES;
				INFOPLIST_KEY_NSHumanReadableCopyright = "";
				LD_RUNPATH_SEARCH_PATHS = (
					"$(inherited)",
					"@executable_path/../Frameworks",
				);
				MACOSX_DEPLOYMENT_TARGET = 11.0;
				MARKETING_VERSION = 1.0;
				PRODUCT_BUNDLE_IDENTIFIER = "Asuka-Software.PacManScoreChecker";
				PRODUCT_NAME = PacManScoreChecker;
				SDKROOT = macosx;
				SWIFT_EMIT_LOC_STRINGS = YES;
				SWIFT_VERSION = 5.0;
			};
			name = Release;
		};
		279DA97A270787A900CA71BA /* Debug */ = {
			isa = XCBuildConfiguration;
			buildSettings = {
				ASSETCATALOG_COMPILER_GLOBAL_ACCENT_COLOR_NAME = AccentColor;
				ASSETCATALOG_COMPILER_WIDGET_BACKGROUND_COLOR_NAME = WidgetBackground;
				CODE_SIGN_STYLE = Automatic;
				CURRENT_PROJECT_VERSION = 1;
				DEVELOPMENT_TEAM = SK4DRGML28;
				ENABLE_APP_SANDBOX = YES;
				ENABLE_HARDENED_RUNTIME = YES;
				GENERATE_INFOPLIST_FILE = YES;
				INFOPLIST_FILE = MacWidget/Info.plist;
				INFOPLIST_KEY_CFBundleDisplayName = MacWidget;
				INFOPLIST_KEY_NSHumanReadableCopyright = "";
				LD_RUNPATH_SEARCH_PATHS = (
					"$(inherited)",
					"@executable_path/../Frameworks",
					"@executable_path/../../../../Frameworks",
				);
				MACOSX_DEPLOYMENT_TARGET = 12.0;
				MARKETING_VERSION = 1.0;
				PRODUCT_BUNDLE_IDENTIFIER = "Asuka-Software.PacManScoreChecker.MacWidget";
				PRODUCT_NAME = "$(TARGET_NAME)";
				SDKROOT = macosx;
				SKIP_INSTALL = YES;
				SWIFT_EMIT_LOC_STRINGS = YES;
				SWIFT_VERSION = 5.0;
			};
			name = Debug;
		};
		279DA97B270787A900CA71BA /* Release */ = {
			isa = XCBuildConfiguration;
			buildSettings = {
				ASSETCATALOG_COMPILER_GLOBAL_ACCENT_COLOR_NAME = AccentColor;
				ASSETCATALOG_COMPILER_WIDGET_BACKGROUND_COLOR_NAME = WidgetBackground;
				CODE_SIGN_STYLE = Automatic;
				CURRENT_PROJECT_VERSION = 1;
				DEVELOPMENT_TEAM = SK4DRGML28;
				ENABLE_APP_SANDBOX = YES;
				ENABLE_HARDENED_RUNTIME = YES;
				GENERATE_INFOPLIST_FILE = YES;
				INFOPLIST_FILE = MacWidget/Info.plist;
				INFOPLIST_KEY_CFBundleDisplayName = MacWidget;
				INFOPLIST_KEY_NSHumanReadableCopyright = "";
				LD_RUNPATH_SEARCH_PATHS = (
					"$(inherited)",
					"@executable_path/../Frameworks",
					"@executable_path/../../../../Frameworks",
				);
				MACOSX_DEPLOYMENT_TARGET = 12.0;
				MARKETING_VERSION = 1.0;
				PRODUCT_BUNDLE_IDENTIFIER = "Asuka-Software.PacManScoreChecker.MacWidget";
				PRODUCT_NAME = "$(TARGET_NAME)";
				SDKROOT = macosx;
				SKIP_INSTALL = YES;
				SWIFT_EMIT_LOC_STRINGS = YES;
				SWIFT_VERSION = 5.0;
			};
			name = Release;
		};
/* End XCBuildConfiguration section */

/* Begin XCConfigurationList section */
		279DA948270785D300CA71BA /* Build configuration list for PBXProject "PacManScoreChecker" */ = {
			isa = XCConfigurationList;
			buildConfigurations = (
				279DA95E270785DA00CA71BA /* Debug */,
				279DA95F270785DA00CA71BA /* Release */,
			);
			defaultConfigurationIsVisible = 0;
			defaultConfigurationName = Release;
		};
		279DA960270785DA00CA71BA /* Build configuration list for PBXNativeTarget "PacManScoreChecker (iOS)" */ = {
			isa = XCConfigurationList;
			buildConfigurations = (
				279DA961270785DA00CA71BA /* Debug */,
				279DA962270785DA00CA71BA /* Release */,
			);
			defaultConfigurationIsVisible = 0;
			defaultConfigurationName = Release;
		};
		279DA963270785DA00CA71BA /* Build configuration list for PBXNativeTarget "PacManScoreChecker (macOS)" */ = {
			isa = XCConfigurationList;
			buildConfigurations = (
				279DA964270785DA00CA71BA /* Debug */,
				279DA965270785DA00CA71BA /* Release */,
			);
			defaultConfigurationIsVisible = 0;
			defaultConfigurationName = Release;
		};
		279DA979270787A900CA71BA /* Build configuration list for PBXNativeTarget "MacWidgetExtension" */ = {
			isa = XCConfigurationList;
			buildConfigurations = (
				279DA97A270787A900CA71BA /* Debug */,
				279DA97B270787A900CA71BA /* Release */,
			);
			defaultConfigurationIsVisible = 0;
			defaultConfigurationName = Release;
		};
/* End XCConfigurationList section */
	};
	rootObject = 279DA945270785D300CA71BA /* Project object */;
}
